// !$*UTF8*$!
{
	archiveVersion = 1;
	classes = {
	};
	objectVersion = 55;
	objects = {

/* Begin PBXBuildFile section */
		70611F1B2835A43D003F60A4 /* CoreNetworkService.swift in Sources */ = {isa = PBXBuildFile; fileRef = 70611F1A2835A43D003F60A4 /* CoreNetworkService.swift */; };
		70611F1D2835A45C003F60A4 /* NetworkError.swift in Sources */ = {isa = PBXBuildFile; fileRef = 70611F1C2835A45C003F60A4 /* NetworkError.swift */; };
		70611F1F2835A481003F60A4 /* NetworkEndPoint.swift in Sources */ = {isa = PBXBuildFile; fileRef = 70611F1E2835A481003F60A4 /* NetworkEndPoint.swift */; };
		70611F212835A5EA003F60A4 /* ServerEndPoint.swift in Sources */ = {isa = PBXBuildFile; fileRef = 70611F202835A5EA003F60A4 /* ServerEndPoint.swift */; };
		70611F232835A629003F60A4 /* AlamofireServiceImpl.swift in Sources */ = {isa = PBXBuildFile; fileRef = 70611F222835A629003F60A4 /* AlamofireServiceImpl.swift */; };
		70611F252835A67F003F60A4 /* URLSessionServiceImpl.swift in Sources */ = {isa = PBXBuildFile; fileRef = 70611F242835A67F003F60A4 /* URLSessionServiceImpl.swift */; };
		70611F272835A6AF003F60A4 /* NetworkTools.swift in Sources */ = {isa = PBXBuildFile; fileRef = 70611F262835A6AF003F60A4 /* NetworkTools.swift */; };
		70611F2A2835AACC003F60A4 /* HomeUseCase.swift in Sources */ = {isa = PBXBuildFile; fileRef = 70611F292835AACC003F60A4 /* HomeUseCase.swift */; };
		70611F2C2835AAED003F60A4 /* HomeUseCaseFlow.swift in Sources */ = {isa = PBXBuildFile; fileRef = 70611F2B2835AAED003F60A4 /* HomeUseCaseFlow.swift */; };
		70611F2F2835AB20003F60A4 /* HomeRouter.swift in Sources */ = {isa = PBXBuildFile; fileRef = 70611F2E2835AB20003F60A4 /* HomeRouter.swift */; };
		70611F352835AC01003F60A4 /* HomeViewModel.swift in Sources */ = {isa = PBXBuildFile; fileRef = 70611F342835AC01003F60A4 /* HomeViewModel.swift */; };
		70611F372835AC97003F60A4 /* Space.swift in Sources */ = {isa = PBXBuildFile; fileRef = 70611F362835AC97003F60A4 /* Space.swift */; };
		70611F3A2835BF28003F60A4 /* UIView+Extension.swift in Sources */ = {isa = PBXBuildFile; fileRef = 70611F392835BF28003F60A4 /* UIView+Extension.swift */; };
		70611F3D2835C42E003F60A4 /* Observable.swift in Sources */ = {isa = PBXBuildFile; fileRef = 70611F3C2835C42E003F60A4 /* Observable.swift */; };
		70611F402835C4B8003F60A4 /* UITableViewDataSource.swift in Sources */ = {isa = PBXBuildFile; fileRef = 70611F3F2835C4B8003F60A4 /* UITableViewDataSource.swift */; };
		70611F422835C553003F60A4 /* BaseViewModel.swift in Sources */ = {isa = PBXBuildFile; fileRef = 70611F412835C553003F60A4 /* BaseViewModel.swift */; };
		70611F482835C647003F60A4 /* ListTableViewCell.swift in Sources */ = {isa = PBXBuildFile; fileRef = 70611F462835C647003F60A4 /* ListTableViewCell.swift */; };
		70611F492835C647003F60A4 /* ListTableViewCell.xib in Resources */ = {isa = PBXBuildFile; fileRef = 70611F472835C647003F60A4 /* ListTableViewCell.xib */; };
		70611F4B2835C687003F60A4 /* ListTableViewModel.swift in Sources */ = {isa = PBXBuildFile; fileRef = 70611F4A2835C687003F60A4 /* ListTableViewModel.swift */; };
		70611F4D2835D251003F60A4 /* ListModel.swift in Sources */ = {isa = PBXBuildFile; fileRef = 70611F4C2835D251003F60A4 /* ListModel.swift */; };
		70611F502835D6A1003F60A4 /* BooksApi.swift in Sources */ = {isa = PBXBuildFile; fileRef = 70611F4F2835D6A1003F60A4 /* BooksApi.swift */; };
		70611F532835D775003F60A4 /* ListRepository.swift in Sources */ = {isa = PBXBuildFile; fileRef = 70611F522835D775003F60A4 /* ListRepository.swift */; };
		70611F5528369313003F60A4 /* SportsApi.swift in Sources */ = {isa = PBXBuildFile; fileRef = 70611F5428369313003F60A4 /* SportsApi.swift */; };
		70611F592836FCB1003F60A4 /* FilterView.swift in Sources */ = {isa = PBXBuildFile; fileRef = 70611F582836FCB1003F60A4 /* FilterView.swift */; };
		70611F5B2836FD43003F60A4 /* FilterView.xib in Resources */ = {isa = PBXBuildFile; fileRef = 70611F5A2836FD43003F60A4 /* FilterView.xib */; };
		70611F5D2836FEAA003F60A4 /* UIViewController+Extension.swift in Sources */ = {isa = PBXBuildFile; fileRef = 70611F5C2836FEAA003F60A4 /* UIViewController+Extension.swift */; };
		70611F6028370C48003F60A4 /* SortView.xib in Resources */ = {isa = PBXBuildFile; fileRef = 70611F5F28370C48003F60A4 /* SortView.xib */; };
		70611F6228370C55003F60A4 /* SortView.swift in Sources */ = {isa = PBXBuildFile; fileRef = 70611F6128370C55003F60A4 /* SortView.swift */; };
		70611F642837FF5F003F60A4 /* Storage.swift in Sources */ = {isa = PBXBuildFile; fileRef = 70611F632837FF5F003F60A4 /* Storage.swift */; };
		707CAE7D28384B5B0010A282 /* Categories.swift in Sources */ = {isa = PBXBuildFile; fileRef = 707CAE7C28384B5B0010A282 /* Categories.swift */; };
		707CAE822839DCA80010A282 /* LogingViewModel.swift in Sources */ = {isa = PBXBuildFile; fileRef = 707CAE812839DCA80010A282 /* LogingViewModel.swift */; };
		707CAE852839E0150010A282 /* LoginViewController.swift in Sources */ = {isa = PBXBuildFile; fileRef = 707CAE832839E0150010A282 /* LoginViewController.swift */; };
		707CAE862839E0150010A282 /* LoginViewController.xib in Resources */ = {isa = PBXBuildFile; fileRef = 707CAE842839E0150010A282 /* LoginViewController.xib */; };
		707CAE89283A987A0010A282 /* LoadingView.swift in Sources */ = {isa = PBXBuildFile; fileRef = 707CAE88283A987A0010A282 /* LoadingView.swift */; };
		707CAE8D283B24D70010A282 /* Goods.swift in Sources */ = {isa = PBXBuildFile; fileRef = 707CAE8C283B24D70010A282 /* Goods.swift */; };
		70B765BA2835955700605F28 /* AppDelegate.swift in Sources */ = {isa = PBXBuildFile; fileRef = 70B765B92835955700605F28 /* AppDelegate.swift */; };
		70B765BC2835955700605F28 /* SceneDelegate.swift in Sources */ = {isa = PBXBuildFile; fileRef = 70B765BB2835955700605F28 /* SceneDelegate.swift */; };
		70B765BE2835955700605F28 /* ViewController.swift in Sources */ = {isa = PBXBuildFile; fileRef = 70B765BD2835955700605F28 /* ViewController.swift */; };
		70B765C12835955700605F28 /* Main.storyboard in Resources */ = {isa = PBXBuildFile; fileRef = 70B765BF2835955700605F28 /* Main.storyboard */; };
		70B765C42835955700605F28 /* Shopping.xcdatamodeld in Sources */ = {isa = PBXBuildFile; fileRef = 70B765C22835955700605F28 /* Shopping.xcdatamodeld */; };
		70B765C62835955900605F28 /* Assets.xcassets in Resources */ = {isa = PBXBuildFile; fileRef = 70B765C52835955900605F28 /* Assets.xcassets */; };
		70B765C92835955900605F28 /* LaunchScreen.storyboard in Resources */ = {isa = PBXBuildFile; fileRef = 70B765C72835955900605F28 /* LaunchScreen.storyboard */; };
		70B765D42835955900605F28 /* ShoppingTests.swift in Sources */ = {isa = PBXBuildFile; fileRef = 70B765D32835955900605F28 /* ShoppingTests.swift */; };
		70B765DE2835955900605F28 /* ShoppingUITests.swift in Sources */ = {isa = PBXBuildFile; fileRef = 70B765DD2835955900605F28 /* ShoppingUITests.swift */; };
		70B765E02835955900605F28 /* ShoppingUITestsLaunchTests.swift in Sources */ = {isa = PBXBuildFile; fileRef = 70B765DF2835955900605F28 /* ShoppingUITestsLaunchTests.swift */; };
		70B765EE28359D2900605F28 /* AppCoordinator.swift in Sources */ = {isa = PBXBuildFile; fileRef = 70B765ED28359D2900605F28 /* AppCoordinator.swift */; };
		70B765F128359D5300605F28 /* HomeViewController.swift in Sources */ = {isa = PBXBuildFile; fileRef = 70B765F028359D5300605F28 /* HomeViewController.swift */; };
		70D0F398283C4E5500D387FF /* UserModel.swift in Sources */ = {isa = PBXBuildFile; fileRef = 70D0F397283C4E5500D387FF /* UserModel.swift */; };
		8176FC028DEEBB2E22DB21CB /* Pods_Shopping.framework in Frameworks */ = {isa = PBXBuildFile; fileRef = A59779A8E8C51000CC4568EC /* Pods_Shopping.framework */; };
/* End PBXBuildFile section */

/* Begin PBXContainerItemProxy section */
		70B765D02835955900605F28 /* PBXContainerItemProxy */ = {
			isa = PBXContainerItemProxy;
			containerPortal = 70B765AE2835955700605F28 /* Project object */;
			proxyType = 1;
			remoteGlobalIDString = 70B765B52835955700605F28;
			remoteInfo = Shopping;
		};
		70B765DA2835955900605F28 /* PBXContainerItemProxy */ = {
			isa = PBXContainerItemProxy;
			containerPortal = 70B765AE2835955700605F28 /* Project object */;
			proxyType = 1;
			remoteGlobalIDString = 70B765B52835955700605F28;
			remoteInfo = Shopping;
		};
/* End PBXContainerItemProxy section */

/* Begin PBXFileReference section */
		70611F1A2835A43D003F60A4 /* CoreNetworkService.swift */ = {isa = PBXFileReference; lastKnownFileType = sourcecode.swift; path = CoreNetworkService.swift; sourceTree = "<group>"; };
		70611F1C2835A45C003F60A4 /* NetworkError.swift */ = {isa = PBXFileReference; lastKnownFileType = sourcecode.swift; path = NetworkError.swift; sourceTree = "<group>"; };
		70611F1E2835A481003F60A4 /* NetworkEndPoint.swift */ = {isa = PBXFileReference; lastKnownFileType = sourcecode.swift; path = NetworkEndPoint.swift; sourceTree = "<group>"; };
		70611F202835A5EA003F60A4 /* ServerEndPoint.swift */ = {isa = PBXFileReference; lastKnownFileType = sourcecode.swift; path = ServerEndPoint.swift; sourceTree = "<group>"; };
		70611F222835A629003F60A4 /* AlamofireServiceImpl.swift */ = {isa = PBXFileReference; lastKnownFileType = sourcecode.swift; path = AlamofireServiceImpl.swift; sourceTree = "<group>"; };
		70611F242835A67F003F60A4 /* URLSessionServiceImpl.swift */ = {isa = PBXFileReference; lastKnownFileType = sourcecode.swift; path = URLSessionServiceImpl.swift; sourceTree = "<group>"; };
		70611F262835A6AF003F60A4 /* NetworkTools.swift */ = {isa = PBXFileReference; lastKnownFileType = sourcecode.swift; path = NetworkTools.swift; sourceTree = "<group>"; };
		70611F292835AACC003F60A4 /* HomeUseCase.swift */ = {isa = PBXFileReference; lastKnownFileType = sourcecode.swift; path = HomeUseCase.swift; sourceTree = "<group>"; };
		70611F2B2835AAED003F60A4 /* HomeUseCaseFlow.swift */ = {isa = PBXFileReference; lastKnownFileType = sourcecode.swift; path = HomeUseCaseFlow.swift; sourceTree = "<group>"; };
		70611F2E2835AB20003F60A4 /* HomeRouter.swift */ = {isa = PBXFileReference; lastKnownFileType = sourcecode.swift; path = HomeRouter.swift; sourceTree = "<group>"; };
		70611F342835AC01003F60A4 /* HomeViewModel.swift */ = {isa = PBXFileReference; lastKnownFileType = sourcecode.swift; path = HomeViewModel.swift; sourceTree = "<group>"; };
		70611F362835AC97003F60A4 /* Space.swift */ = {isa = PBXFileReference; lastKnownFileType = sourcecode.swift; path = Space.swift; sourceTree = "<group>"; };
		70611F392835BF28003F60A4 /* UIView+Extension.swift */ = {isa = PBXFileReference; lastKnownFileType = sourcecode.swift; path = "UIView+Extension.swift"; sourceTree = "<group>"; };
		70611F3C2835C42E003F60A4 /* Observable.swift */ = {isa = PBXFileReference; lastKnownFileType = sourcecode.swift; path = Observable.swift; sourceTree = "<group>"; };
		70611F3F2835C4B8003F60A4 /* UITableViewDataSource.swift */ = {isa = PBXFileReference; lastKnownFileType = sourcecode.swift; path = UITableViewDataSource.swift; sourceTree = "<group>"; };
		70611F412835C553003F60A4 /* BaseViewModel.swift */ = {isa = PBXFileReference; lastKnownFileType = sourcecode.swift; path = BaseViewModel.swift; sourceTree = "<group>"; };
		70611F462835C647003F60A4 /* ListTableViewCell.swift */ = {isa = PBXFileReference; lastKnownFileType = sourcecode.swift; path = ListTableViewCell.swift; sourceTree = "<group>"; };
		70611F472835C647003F60A4 /* ListTableViewCell.xib */ = {isa = PBXFileReference; lastKnownFileType = file.xib; path = ListTableViewCell.xib; sourceTree = "<group>"; };
		70611F4A2835C687003F60A4 /* ListTableViewModel.swift */ = {isa = PBXFileReference; lastKnownFileType = sourcecode.swift; path = ListTableViewModel.swift; sourceTree = "<group>"; };
		70611F4C2835D251003F60A4 /* ListModel.swift */ = {isa = PBXFileReference; lastKnownFileType = sourcecode.swift; path = ListModel.swift; sourceTree = "<group>"; };
		70611F4F2835D6A1003F60A4 /* BooksApi.swift */ = {isa = PBXFileReference; lastKnownFileType = sourcecode.swift; path = BooksApi.swift; sourceTree = "<group>"; };
		70611F522835D775003F60A4 /* ListRepository.swift */ = {isa = PBXFileReference; lastKnownFileType = sourcecode.swift; path = ListRepository.swift; sourceTree = "<group>"; };
		70611F5428369313003F60A4 /* SportsApi.swift */ = {isa = PBXFileReference; lastKnownFileType = sourcecode.swift; path = SportsApi.swift; sourceTree = "<group>"; };
		70611F582836FCB1003F60A4 /* FilterView.swift */ = {isa = PBXFileReference; lastKnownFileType = sourcecode.swift; path = FilterView.swift; sourceTree = "<group>"; };
		70611F5A2836FD43003F60A4 /* FilterView.xib */ = {isa = PBXFileReference; lastKnownFileType = file.xib; path = FilterView.xib; sourceTree = "<group>"; };
		70611F5C2836FEAA003F60A4 /* UIViewController+Extension.swift */ = {isa = PBXFileReference; lastKnownFileType = sourcecode.swift; path = "UIViewController+Extension.swift"; sourceTree = "<group>"; };
		70611F5F28370C48003F60A4 /* SortView.xib */ = {isa = PBXFileReference; lastKnownFileType = file.xib; path = SortView.xib; sourceTree = "<group>"; };
		70611F6128370C55003F60A4 /* SortView.swift */ = {isa = PBXFileReference; lastKnownFileType = sourcecode.swift; path = SortView.swift; sourceTree = "<group>"; };
		70611F632837FF5F003F60A4 /* Storage.swift */ = {isa = PBXFileReference; lastKnownFileType = sourcecode.swift; path = Storage.swift; sourceTree = "<group>"; };
		707CAE7C28384B5B0010A282 /* Categories.swift */ = {isa = PBXFileReference; lastKnownFileType = sourcecode.swift; path = Categories.swift; sourceTree = "<group>"; };
		707CAE812839DCA80010A282 /* LogingViewModel.swift */ = {isa = PBXFileReference; lastKnownFileType = sourcecode.swift; path = LogingViewModel.swift; sourceTree = "<group>"; };
		707CAE832839E0150010A282 /* LoginViewController.swift */ = {isa = PBXFileReference; lastKnownFileType = sourcecode.swift; path = LoginViewController.swift; sourceTree = "<group>"; };
		707CAE842839E0150010A282 /* LoginViewController.xib */ = {isa = PBXFileReference; lastKnownFileType = file.xib; path = LoginViewController.xib; sourceTree = "<group>"; };
		707CAE88283A987A0010A282 /* LoadingView.swift */ = {isa = PBXFileReference; lastKnownFileType = sourcecode.swift; path = LoadingView.swift; sourceTree = "<group>"; };
		707CAE8C283B24D70010A282 /* Goods.swift */ = {isa = PBXFileReference; lastKnownFileType = sourcecode.swift; path = Goods.swift; sourceTree = "<group>"; };
		70B765B62835955700605F28 /* Shopping.app */ = {isa = PBXFileReference; explicitFileType = wrapper.application; includeInIndex = 0; path = Shopping.app; sourceTree = BUILT_PRODUCTS_DIR; };
		70B765B92835955700605F28 /* AppDelegate.swift */ = {isa = PBXFileReference; lastKnownFileType = sourcecode.swift; path = AppDelegate.swift; sourceTree = "<group>"; };
		70B765BB2835955700605F28 /* SceneDelegate.swift */ = {isa = PBXFileReference; lastKnownFileType = sourcecode.swift; path = SceneDelegate.swift; sourceTree = "<group>"; };
		70B765BD2835955700605F28 /* ViewController.swift */ = {isa = PBXFileReference; lastKnownFileType = sourcecode.swift; path = ViewController.swift; sourceTree = "<group>"; };
		70B765C02835955700605F28 /* Base */ = {isa = PBXFileReference; lastKnownFileType = file.storyboard; name = Base; path = Base.lproj/Main.storyboard; sourceTree = "<group>"; };
		70B765C32835955700605F28 /* Shopping.xcdatamodel */ = {isa = PBXFileReference; lastKnownFileType = wrapper.xcdatamodel; path = Shopping.xcdatamodel; sourceTree = "<group>"; };
		70B765C52835955900605F28 /* Assets.xcassets */ = {isa = PBXFileReference; lastKnownFileType = folder.assetcatalog; path = Assets.xcassets; sourceTree = "<group>"; };
		70B765C82835955900605F28 /* Base */ = {isa = PBXFileReference; lastKnownFileType = file.storyboard; name = Base; path = Base.lproj/LaunchScreen.storyboard; sourceTree = "<group>"; };
		70B765CA2835955900605F28 /* Info.plist */ = {isa = PBXFileReference; lastKnownFileType = text.plist.xml; path = Info.plist; sourceTree = "<group>"; };
		70B765CF2835955900605F28 /* ShoppingTests.xctest */ = {isa = PBXFileReference; explicitFileType = wrapper.cfbundle; includeInIndex = 0; path = ShoppingTests.xctest; sourceTree = BUILT_PRODUCTS_DIR; };
		70B765D32835955900605F28 /* ShoppingTests.swift */ = {isa = PBXFileReference; lastKnownFileType = sourcecode.swift; path = ShoppingTests.swift; sourceTree = "<group>"; };
		70B765D92835955900605F28 /* ShoppingUITests.xctest */ = {isa = PBXFileReference; explicitFileType = wrapper.cfbundle; includeInIndex = 0; path = ShoppingUITests.xctest; sourceTree = BUILT_PRODUCTS_DIR; };
		70B765DD2835955900605F28 /* ShoppingUITests.swift */ = {isa = PBXFileReference; lastKnownFileType = sourcecode.swift; path = ShoppingUITests.swift; sourceTree = "<group>"; };
		70B765DF2835955900605F28 /* ShoppingUITestsLaunchTests.swift */ = {isa = PBXFileReference; lastKnownFileType = sourcecode.swift; path = ShoppingUITestsLaunchTests.swift; sourceTree = "<group>"; };
		70B765ED28359D2900605F28 /* AppCoordinator.swift */ = {isa = PBXFileReference; lastKnownFileType = sourcecode.swift; path = AppCoordinator.swift; sourceTree = "<group>"; };
		70B765F028359D5300605F28 /* HomeViewController.swift */ = {isa = PBXFileReference; lastKnownFileType = sourcecode.swift; path = HomeViewController.swift; sourceTree = "<group>"; };
		70D0F397283C4E5500D387FF /* UserModel.swift */ = {isa = PBXFileReference; lastKnownFileType = sourcecode.swift; path = UserModel.swift; sourceTree = "<group>"; };
		A59779A8E8C51000CC4568EC /* Pods_Shopping.framework */ = {isa = PBXFileReference; explicitFileType = wrapper.framework; includeInIndex = 0; path = Pods_Shopping.framework; sourceTree = BUILT_PRODUCTS_DIR; };
		BFB0F8A7AB77E24E09F4F1E2 /* Pods-Shopping.debug.xcconfig */ = {isa = PBXFileReference; includeInIndex = 1; lastKnownFileType = text.xcconfig; name = "Pods-Shopping.debug.xcconfig"; path = "Target Support Files/Pods-Shopping/Pods-Shopping.debug.xcconfig"; sourceTree = "<group>"; };
		F39FBA1199D9F9E574BE0979 /* Pods-Shopping.release.xcconfig */ = {isa = PBXFileReference; includeInIndex = 1; lastKnownFileType = text.xcconfig; name = "Pods-Shopping.release.xcconfig"; path = "Target Support Files/Pods-Shopping/Pods-Shopping.release.xcconfig"; sourceTree = "<group>"; };
/* End PBXFileReference section */

/* Begin PBXFrameworksBuildPhase section */
		70B765B32835955700605F28 /* Frameworks */ = {
			isa = PBXFrameworksBuildPhase;
			buildActionMask = 2147483647;
			files = (
				8176FC028DEEBB2E22DB21CB /* Pods_Shopping.framework in Frameworks */,
			);
			runOnlyForDeploymentPostprocessing = 0;
		};
		70B765CC2835955900605F28 /* Frameworks */ = {
			isa = PBXFrameworksBuildPhase;
			buildActionMask = 2147483647;
			files = (
			);
			runOnlyForDeploymentPostprocessing = 0;
		};
		70B765D62835955900605F28 /* Frameworks */ = {
			isa = PBXFrameworksBuildPhase;
			buildActionMask = 2147483647;
			files = (
			);
			runOnlyForDeploymentPostprocessing = 0;
		};
/* End PBXFrameworksBuildPhase section */

/* Begin PBXGroup section */
		70611F192835A427003F60A4 /* Network */ = {
			isa = PBXGroup;
			children = (
				70611F512835D763003F60A4 /* Repository */,
				70611F4E2835D68E003F60A4 /* API */,
				70611F1A2835A43D003F60A4 /* CoreNetworkService.swift */,
				70611F222835A629003F60A4 /* AlamofireServiceImpl.swift */,
				70611F242835A67F003F60A4 /* URLSessionServiceImpl.swift */,
				70611F1C2835A45C003F60A4 /* NetworkError.swift */,
				70611F1E2835A481003F60A4 /* NetworkEndPoint.swift */,
				70611F202835A5EA003F60A4 /* ServerEndPoint.swift */,
				70611F262835A6AF003F60A4 /* NetworkTools.swift */,
			);
			path = Network;
			sourceTree = "<group>";
		};
		70611F282835A976003F60A4 /* Domain */ = {
			isa = PBXGroup;
			children = (
				70611F292835AACC003F60A4 /* HomeUseCase.swift */,
				70611F2B2835AAED003F60A4 /* HomeUseCaseFlow.swift */,
			);
			path = Domain;
			sourceTree = "<group>";
		};
		70611F2D2835AB11003F60A4 /* Router */ = {
			isa = PBXGroup;
			children = (
				70611F2E2835AB20003F60A4 /* HomeRouter.swift */,
			);
			path = Router;
			sourceTree = "<group>";
		};
		70611F302835ABDD003F60A4 /* Presentation */ = {
			isa = PBXGroup;
			children = (
				707CAE7E2839DC6D0010A282 /* Login */,
				70611F562836FC70003F60A4 /* Main */,
			);
			path = Presentation;
			sourceTree = "<group>";
		};
		70611F312835ABE4003F60A4 /* Model */ = {
			isa = PBXGroup;
			children = (
				70611F4C2835D251003F60A4 /* ListModel.swift */,
				707CAE7C28384B5B0010A282 /* Categories.swift */,
			);
			path = Model;
			sourceTree = "<group>";
		};
		70611F322835ABE8003F60A4 /* View */ = {
			isa = PBXGroup;
			children = (
				70611F432835C596003F60A4 /* ListView */,
				70B765F028359D5300605F28 /* HomeViewController.swift */,
			);
			path = View;
			sourceTree = "<group>";
		};
		70611F332835ABEC003F60A4 /* ViewModel */ = {
			isa = PBXGroup;
			children = (
				70611F342835AC01003F60A4 /* HomeViewModel.swift */,
			);
			path = ViewModel;
			sourceTree = "<group>";
		};
		70611F382835BEF9003F60A4 /* Extension */ = {
			isa = PBXGroup;
			children = (
				70611F392835BF28003F60A4 /* UIView+Extension.swift */,
				70611F5C2836FEAA003F60A4 /* UIViewController+Extension.swift */,
			);
			path = Extension;
			sourceTree = "<group>";
		};
		70611F3B2835C421003F60A4 /* Binding */ = {
			isa = PBXGroup;
			children = (
				70611F3C2835C42E003F60A4 /* Observable.swift */,
			);
			path = Binding;
			sourceTree = "<group>";
		};
		70611F3E2835C4A5003F60A4 /* Tools */ = {
			isa = PBXGroup;
			children = (
				70611F3F2835C4B8003F60A4 /* UITableViewDataSource.swift */,
				70611F412835C553003F60A4 /* BaseViewModel.swift */,
				70611F632837FF5F003F60A4 /* Storage.swift */,
			);
			path = Tools;
			sourceTree = "<group>";
		};
		70611F432835C596003F60A4 /* ListView */ = {
			isa = PBXGroup;
			children = (
				70611F462835C647003F60A4 /* ListTableViewCell.swift */,
				70611F472835C647003F60A4 /* ListTableViewCell.xib */,
				70611F4A2835C687003F60A4 /* ListTableViewModel.swift */,
			);
			path = ListView;
			sourceTree = "<group>";
		};
		70611F4E2835D68E003F60A4 /* API */ = {
			isa = PBXGroup;
			children = (
				70611F4F2835D6A1003F60A4 /* BooksApi.swift */,
				70611F5428369313003F60A4 /* SportsApi.swift */,
				707CAE8C283B24D70010A282 /* Goods.swift */,
			);
			path = API;
			sourceTree = "<group>";
		};
		70611F512835D763003F60A4 /* Repository */ = {
			isa = PBXGroup;
			children = (
				70611F522835D775003F60A4 /* ListRepository.swift */,
			);
			path = Repository;
			sourceTree = "<group>";
		};
		70611F562836FC70003F60A4 /* Main */ = {
			isa = PBXGroup;
			children = (
				70611F332835ABEC003F60A4 /* ViewModel */,
				70611F322835ABE8003F60A4 /* View */,
				70611F312835ABE4003F60A4 /* Model */,
			);
			path = Main;
			sourceTree = "<group>";
		};
		70611F572836FC79003F60A4 /* Filter */ = {
			isa = PBXGroup;
			children = (
				70611F582836FCB1003F60A4 /* FilterView.swift */,
				70611F5A2836FD43003F60A4 /* FilterView.xib */,
			);
			path = Filter;
			sourceTree = "<group>";
		};
		70611F5E28370C34003F60A4 /* Sort */ = {
			isa = PBXGroup;
			children = (
				70611F5F28370C48003F60A4 /* SortView.xib */,
				70611F6128370C55003F60A4 /* SortView.swift */,
			);
			path = Sort;
			sourceTree = "<group>";
		};
		707CAE7E2839DC6D0010A282 /* Login */ = {
			isa = PBXGroup;
			children = (
				70D0F39C283DA9C000D387FF /* ViewModel */,
				70D0F39B283DA9BB00D387FF /* View */,
				70D0F39A283DA9B400D387FF /* Model */,
			);
			path = Login;
			sourceTree = "<group>";
		};
		707CAE87283A981E0010A282 /* Loading */ = {
			isa = PBXGroup;
			children = (
				707CAE88283A987A0010A282 /* LoadingView.swift */,
			);
			path = Loading;
			sourceTree = "<group>";
		};
		70B765AD2835955700605F28 = {
			isa = PBXGroup;
			children = (
				70B765B82835955700605F28 /* Shopping */,
				70B765D22835955900605F28 /* ShoppingTests */,
				70B765DC2835955900605F28 /* ShoppingUITests */,
				70B765B72835955700605F28 /* Products */,
				B24C23540C8A1819C1BD9F59 /* Pods */,
				9F7620E7BFEF7639FC92051C /* Frameworks */,
			);
			sourceTree = "<group>";
		};
		70B765B72835955700605F28 /* Products */ = {
			isa = PBXGroup;
			children = (
				70B765B62835955700605F28 /* Shopping.app */,
				70B765CF2835955900605F28 /* ShoppingTests.xctest */,
				70B765D92835955900605F28 /* ShoppingUITests.xctest */,
			);
			name = Products;
			sourceTree = "<group>";
		};
		70B765B82835955700605F28 /* Shopping */ = {
			isa = PBXGroup;
			children = (
				70611F3E2835C4A5003F60A4 /* Tools */,
				70611F3B2835C421003F60A4 /* Binding */,
				70611F382835BEF9003F60A4 /* Extension */,
				70611F192835A427003F60A4 /* Network */,
				70D0F399283DA8AA00D387FF /* UIComponent */,
				70B765EF28359D3A00605F28 /* Main Feature */,
				70B765EC28359D1500605F28 /* Coordinator */,
				70B765B92835955700605F28 /* AppDelegate.swift */,
				70B765BB2835955700605F28 /* SceneDelegate.swift */,
				70B765BD2835955700605F28 /* ViewController.swift */,
				70B765BF2835955700605F28 /* Main.storyboard */,
				70B765C52835955900605F28 /* Assets.xcassets */,
				70B765C72835955900605F28 /* LaunchScreen.storyboard */,
				70B765CA2835955900605F28 /* Info.plist */,
				70B765C22835955700605F28 /* Shopping.xcdatamodeld */,
			);
			path = Shopping;
			sourceTree = "<group>";
		};
		70B765D22835955900605F28 /* ShoppingTests */ = {
			isa = PBXGroup;
			children = (
				70B765D32835955900605F28 /* ShoppingTests.swift */,
			);
			path = ShoppingTests;
			sourceTree = "<group>";
		};
		70B765DC2835955900605F28 /* ShoppingUITests */ = {
			isa = PBXGroup;
			children = (
				70B765DD2835955900605F28 /* ShoppingUITests.swift */,
				70B765DF2835955900605F28 /* ShoppingUITestsLaunchTests.swift */,
			);
			path = ShoppingUITests;
			sourceTree = "<group>";
		};
		70B765EC28359D1500605F28 /* Coordinator */ = {
			isa = PBXGroup;
			children = (
				70B765ED28359D2900605F28 /* AppCoordinator.swift */,
			);
			path = Coordinator;
			sourceTree = "<group>";
		};
		70B765EF28359D3A00605F28 /* Main Feature */ = {
			isa = PBXGroup;
			children = (
				70611F302835ABDD003F60A4 /* Presentation */,
				70611F2D2835AB11003F60A4 /* Router */,
				70611F282835A976003F60A4 /* Domain */,
				70611F362835AC97003F60A4 /* Space.swift */,
			);
			path = "Main Feature";
			sourceTree = "<group>";
		};
		70D0F399283DA8AA00D387FF /* UIComponent */ = {
			isa = PBXGroup;
			children = (
				707CAE87283A981E0010A282 /* Loading */,
				70611F5E28370C34003F60A4 /* Sort */,
				70611F572836FC79003F60A4 /* Filter */,
			);
			path = UIComponent;
			sourceTree = "<group>";
		};
		70D0F39A283DA9B400D387FF /* Model */ = {
			isa = PBXGroup;
			children = (
				70D0F397283C4E5500D387FF /* UserModel.swift */,
			);
			path = Model;
			sourceTree = "<group>";
		};
		70D0F39B283DA9BB00D387FF /* View */ = {
			isa = PBXGroup;
			children = (
				707CAE832839E0150010A282 /* LoginViewController.swift */,
				707CAE842839E0150010A282 /* LoginViewController.xib */,
			);
			path = View;
			sourceTree = "<group>";
		};
		70D0F39C283DA9C000D387FF /* ViewModel */ = {
			isa = PBXGroup;
			children = (
				707CAE812839DCA80010A282 /* LogingViewModel.swift */,
			);
			path = ViewModel;
			sourceTree = "<group>";
		};
		9F7620E7BFEF7639FC92051C /* Frameworks */ = {
			isa = PBXGroup;
			children = (
				A59779A8E8C51000CC4568EC /* Pods_Shopping.framework */,
			);
			name = Frameworks;
			sourceTree = "<group>";
		};
		B24C23540C8A1819C1BD9F59 /* Pods */ = {
			isa = PBXGroup;
			children = (
				BFB0F8A7AB77E24E09F4F1E2 /* Pods-Shopping.debug.xcconfig */,
				F39FBA1199D9F9E574BE0979 /* Pods-Shopping.release.xcconfig */,
			);
			path = Pods;
			sourceTree = "<group>";
		};
/* End PBXGroup section */

/* Begin PBXNativeTarget section */
		70B765B52835955700605F28 /* Shopping */ = {
			isa = PBXNativeTarget;
			buildConfigurationList = 70B765E32835955900605F28 /* Build configuration list for PBXNativeTarget "Shopping" */;
			buildPhases = (
				D120EA02E4CF17B6B36B7134 /* [CP] Check Pods Manifest.lock */,
				70B765B22835955700605F28 /* Sources */,
				70B765B32835955700605F28 /* Frameworks */,
				70B765B42835955700605F28 /* Resources */,
				78B25AEDE225C6CC001B77D6 /* [CP] Embed Pods Frameworks */,
			);
			buildRules = (
			);
			dependencies = (
			);
			name = Shopping;
			productName = Shopping;
			productReference = 70B765B62835955700605F28 /* Shopping.app */;
			productType = "com.apple.product-type.application";
		};
		70B765CE2835955900605F28 /* ShoppingTests */ = {
			isa = PBXNativeTarget;
			buildConfigurationList = 70B765E62835955900605F28 /* Build configuration list for PBXNativeTarget "ShoppingTests" */;
			buildPhases = (
				70B765CB2835955900605F28 /* Sources */,
				70B765CC2835955900605F28 /* Frameworks */,
				70B765CD2835955900605F28 /* Resources */,
			);
			buildRules = (
			);
			dependencies = (
				70B765D12835955900605F28 /* PBXTargetDependency */,
			);
			name = ShoppingTests;
			productName = ShoppingTests;
			productReference = 70B765CF2835955900605F28 /* ShoppingTests.xctest */;
			productType = "com.apple.product-type.bundle.unit-test";
		};
		70B765D82835955900605F28 /* ShoppingUITests */ = {
			isa = PBXNativeTarget;
			buildConfigurationList = 70B765E92835955900605F28 /* Build configuration list for PBXNativeTarget "ShoppingUITests" */;
			buildPhases = (
				70B765D52835955900605F28 /* Sources */,
				70B765D62835955900605F28 /* Frameworks */,
				70B765D72835955900605F28 /* Resources */,
			);
			buildRules = (
			);
			dependencies = (
				70B765DB2835955900605F28 /* PBXTargetDependency */,
			);
			name = ShoppingUITests;
			productName = ShoppingUITests;
			productReference = 70B765D92835955900605F28 /* ShoppingUITests.xctest */;
			productType = "com.apple.product-type.bundle.ui-testing";
		};
/* End PBXNativeTarget section */

/* Begin PBXProject section */
		70B765AE2835955700605F28 /* Project object */ = {
			isa = PBXProject;
			attributes = {
				BuildIndependentTargetsInParallel = 1;
				LastSwiftUpdateCheck = 1330;
				LastUpgradeCheck = 1330;
				TargetAttributes = {
					70B765B52835955700605F28 = {
						CreatedOnToolsVersion = 13.3.1;
					};
					70B765CE2835955900605F28 = {
						CreatedOnToolsVersion = 13.3.1;
						TestTargetID = 70B765B52835955700605F28;
					};
					70B765D82835955900605F28 = {
						CreatedOnToolsVersion = 13.3.1;
						TestTargetID = 70B765B52835955700605F28;
					};
				};
			};
			buildConfigurationList = 70B765B12835955700605F28 /* Build configuration list for PBXProject "Shopping" */;
			compatibilityVersion = "Xcode 13.0";
			developmentRegion = en;
			hasScannedForEncodings = 0;
			knownRegions = (
				en,
				Base,
			);
			mainGroup = 70B765AD2835955700605F28;
			productRefGroup = 70B765B72835955700605F28 /* Products */;
			projectDirPath = "";
			projectRoot = "";
			targets = (
				70B765B52835955700605F28 /* Shopping */,
				70B765CE2835955900605F28 /* ShoppingTests */,
				70B765D82835955900605F28 /* ShoppingUITests */,
			);
		};
/* End PBXProject section */

/* Begin PBXResourcesBuildPhase section */
		70B765B42835955700605F28 /* Resources */ = {
			isa = PBXResourcesBuildPhase;
			buildActionMask = 2147483647;
			files = (
				70611F6028370C48003F60A4 /* SortView.xib in Resources */,
				70611F5B2836FD43003F60A4 /* FilterView.xib in Resources */,
				70B765C92835955900605F28 /* LaunchScreen.storyboard in Resources */,
				70611F492835C647003F60A4 /* ListTableViewCell.xib in Resources */,
				70B765C62835955900605F28 /* Assets.xcassets in Resources */,
				707CAE862839E0150010A282 /* LoginViewController.xib in Resources */,
				70B765C12835955700605F28 /* Main.storyboard in Resources */,
			);
			runOnlyForDeploymentPostprocessing = 0;
		};
		70B765CD2835955900605F28 /* Resources */ = {
			isa = PBXResourcesBuildPhase;
			buildActionMask = 2147483647;
			files = (
			);
			runOnlyForDeploymentPostprocessing = 0;
		};
		70B765D72835955900605F28 /* Resources */ = {
			isa = PBXResourcesBuildPhase;
			buildActionMask = 2147483647;
			files = (
			);
			runOnlyForDeploymentPostprocessing = 0;
		};
/* End PBXResourcesBuildPhase section */

/* Begin PBXShellScriptBuildPhase section */
		78B25AEDE225C6CC001B77D6 /* [CP] Embed Pods Frameworks */ = {
			isa = PBXShellScriptBuildPhase;
			buildActionMask = 2147483647;
			files = (
			);
			inputFileListPaths = (
				"${PODS_ROOT}/Target Support Files/Pods-Shopping/Pods-Shopping-frameworks-${CONFIGURATION}-input-files.xcfilelist",
			);
			name = "[CP] Embed Pods Frameworks";
			outputFileListPaths = (
				"${PODS_ROOT}/Target Support Files/Pods-Shopping/Pods-Shopping-frameworks-${CONFIGURATION}-output-files.xcfilelist",
			);
			runOnlyForDeploymentPostprocessing = 0;
			shellPath = /bin/sh;
			shellScript = "\"${PODS_ROOT}/Target Support Files/Pods-Shopping/Pods-Shopping-frameworks.sh\"\n";
			showEnvVarsInLog = 0;
		};
		D120EA02E4CF17B6B36B7134 /* [CP] Check Pods Manifest.lock */ = {
			isa = PBXShellScriptBuildPhase;
			buildActionMask = 2147483647;
			files = (
			);
			inputFileListPaths = (
			);
			inputPaths = (
				"${PODS_PODFILE_DIR_PATH}/Podfile.lock",
				"${PODS_ROOT}/Manifest.lock",
			);
			name = "[CP] Check Pods Manifest.lock";
			outputFileListPaths = (
			);
			outputPaths = (
				"$(DERIVED_FILE_DIR)/Pods-Shopping-checkManifestLockResult.txt",
			);
			runOnlyForDeploymentPostprocessing = 0;
			shellPath = /bin/sh;
			shellScript = "diff \"${PODS_PODFILE_DIR_PATH}/Podfile.lock\" \"${PODS_ROOT}/Manifest.lock\" > /dev/null\nif [ $? != 0 ] ; then\n    # print error to STDERR\n    echo \"error: The sandbox is not in sync with the Podfile.lock. Run 'pod install' or update your CocoaPods installation.\" >&2\n    exit 1\nfi\n# This output is used by Xcode 'outputs' to avoid re-running this script phase.\necho \"SUCCESS\" > \"${SCRIPT_OUTPUT_FILE_0}\"\n";
			showEnvVarsInLog = 0;
		};
/* End PBXShellScriptBuildPhase section */

/* Begin PBXSourcesBuildPhase section */
		70B765B22835955700605F28 /* Sources */ = {
			isa = PBXSourcesBuildPhase;
			buildActionMask = 2147483647;
			files = (
				70611F352835AC01003F60A4 /* HomeViewModel.swift in Sources */,
				70611F422835C553003F60A4 /* BaseViewModel.swift in Sources */,
				70611F482835C647003F60A4 /* ListTableViewCell.swift in Sources */,
				707CAE8D283B24D70010A282 /* Goods.swift in Sources */,
				70611F502835D6A1003F60A4 /* BooksApi.swift in Sources */,
				70611F402835C4B8003F60A4 /* UITableViewDataSource.swift in Sources */,
				70611F1F2835A481003F60A4 /* NetworkEndPoint.swift in Sources */,
				70B765BE2835955700605F28 /* ViewController.swift in Sources */,
				70611F1D2835A45C003F60A4 /* NetworkError.swift in Sources */,
				70B765C42835955700605F28 /* Shopping.xcdatamodeld in Sources */,
				70611F592836FCB1003F60A4 /* FilterView.swift in Sources */,
				70611F252835A67F003F60A4 /* URLSessionServiceImpl.swift in Sources */,
				70611F2F2835AB20003F60A4 /* HomeRouter.swift in Sources */,
				70611F1B2835A43D003F60A4 /* CoreNetworkService.swift in Sources */,
				70611F372835AC97003F60A4 /* Space.swift in Sources */,
				70611F532835D775003F60A4 /* ListRepository.swift in Sources */,
				70611F212835A5EA003F60A4 /* ServerEndPoint.swift in Sources */,
				707CAE822839DCA80010A282 /* LogingViewModel.swift in Sources */,
				70D0F398283C4E5500D387FF /* UserModel.swift in Sources */,
				707CAE89283A987A0010A282 /* LoadingView.swift in Sources */,
				70611F232835A629003F60A4 /* AlamofireServiceImpl.swift in Sources */,
				707CAE7D28384B5B0010A282 /* Categories.swift in Sources */,
				70611F2A2835AACC003F60A4 /* HomeUseCase.swift in Sources */,
				70611F5D2836FEAA003F60A4 /* UIViewController+Extension.swift in Sources */,
				70611F3A2835BF28003F60A4 /* UIView+Extension.swift in Sources */,
				70B765EE28359D2900605F28 /* AppCoordinator.swift in Sources */,
				70B765BA2835955700605F28 /* AppDelegate.swift in Sources */,
				70611F2C2835AAED003F60A4 /* HomeUseCaseFlow.swift in Sources */,
				70611F6228370C55003F60A4 /* SortView.swift in Sources */,
				70611F4B2835C687003F60A4 /* ListTableViewModel.swift in Sources */,
				70611F3D2835C42E003F60A4 /* Observable.swift in Sources */,
				707CAE852839E0150010A282 /* LoginViewController.swift in Sources */,
				70611F5528369313003F60A4 /* SportsApi.swift in Sources */,
				70B765BC2835955700605F28 /* SceneDelegate.swift in Sources */,
				70611F272835A6AF003F60A4 /* NetworkTools.swift in Sources */,
				70611F642837FF5F003F60A4 /* Storage.swift in Sources */,
				70B765F128359D5300605F28 /* HomeViewController.swift in Sources */,
				70611F4D2835D251003F60A4 /* ListModel.swift in Sources */,
			);
			runOnlyForDeploymentPostprocessing = 0;
		};
		70B765CB2835955900605F28 /* Sources */ = {
			isa = PBXSourcesBuildPhase;
			buildActionMask = 2147483647;
			files = (
				70B765D42835955900605F28 /* ShoppingTests.swift in Sources */,
			);
			runOnlyForDeploymentPostprocessing = 0;
		};
		70B765D52835955900605F28 /* Sources */ = {
			isa = PBXSourcesBuildPhase;
			buildActionMask = 2147483647;
			files = (
				70B765E02835955900605F28 /* ShoppingUITestsLaunchTests.swift in Sources */,
				70B765DE2835955900605F28 /* ShoppingUITests.swift in Sources */,
			);
			runOnlyForDeploymentPostprocessing = 0;
		};
/* End PBXSourcesBuildPhase section */

/* Begin PBXTargetDependency section */
		70B765D12835955900605F28 /* PBXTargetDependency */ = {
			isa = PBXTargetDependency;
			target = 70B765B52835955700605F28 /* Shopping */;
			targetProxy = 70B765D02835955900605F28 /* PBXContainerItemProxy */;
		};
		70B765DB2835955900605F28 /* PBXTargetDependency */ = {
			isa = PBXTargetDependency;
			target = 70B765B52835955700605F28 /* Shopping */;
			targetProxy = 70B765DA2835955900605F28 /* PBXContainerItemProxy */;
		};
/* End PBXTargetDependency section */

/* Begin PBXVariantGroup section */
		70B765BF2835955700605F28 /* Main.storyboard */ = {
			isa = PBXVariantGroup;
			children = (
				70B765C02835955700605F28 /* Base */,
			);
			name = Main.storyboard;
			sourceTree = "<group>";
		};
		70B765C72835955900605F28 /* LaunchScreen.storyboard */ = {
			isa = PBXVariantGroup;
			children = (
				70B765C82835955900605F28 /* Base */,
			);
			name = LaunchScreen.storyboard;
			sourceTree = "<group>";
		};
/* End PBXVariantGroup section */

/* Begin XCBuildConfiguration section */
		70B765E12835955900605F28 /* Debug */ = {
			isa = XCBuildConfiguration;
			buildSettings = {
				ALWAYS_SEARCH_USER_PATHS = NO;
				CLANG_ANALYZER_NONNULL = YES;
				CLANG_ANALYZER_NUMBER_OBJECT_CONVERSION = YES_AGGRESSIVE;
				CLANG_CXX_LANGUAGE_STANDARD = "gnu++17";
				CLANG_ENABLE_MODULES = YES;
				CLANG_ENABLE_OBJC_ARC = YES;
				CLANG_ENABLE_OBJC_WEAK = YES;
				CLANG_WARN_BLOCK_CAPTURE_AUTORELEASING = YES;
				CLANG_WARN_BOOL_CONVERSION = YES;
				CLANG_WARN_COMMA = YES;
				CLANG_WARN_CONSTANT_CONVERSION = YES;
				CLANG_WARN_DEPRECATED_OBJC_IMPLEMENTATIONS = YES;
				CLANG_WARN_DIRECT_OBJC_ISA_USAGE = YES_ERROR;
				CLANG_WARN_DOCUMENTATION_COMMENTS = YES;
				CLANG_WARN_EMPTY_BODY = YES;
				CLANG_WARN_ENUM_CONVERSION = YES;
				CLANG_WARN_INFINITE_RECURSION = YES;
				CLANG_WARN_INT_CONVERSION = YES;
				CLANG_WARN_NON_LITERAL_NULL_CONVERSION = YES;
				CLANG_WARN_OBJC_IMPLICIT_RETAIN_SELF = YES;
				CLANG_WARN_OBJC_LITERAL_CONVERSION = YES;
				CLANG_WARN_OBJC_ROOT_CLASS = YES_ERROR;
				CLANG_WARN_QUOTED_INCLUDE_IN_FRAMEWORK_HEADER = YES;
				CLANG_WARN_RANGE_LOOP_ANALYSIS = YES;
				CLANG_WARN_STRICT_PROTOTYPES = YES;
				CLANG_WARN_SUSPICIOUS_MOVE = YES;
				CLANG_WARN_UNGUARDED_AVAILABILITY = YES_AGGRESSIVE;
				CLANG_WARN_UNREACHABLE_CODE = YES;
				CLANG_WARN__DUPLICATE_METHOD_MATCH = YES;
				COPY_PHASE_STRIP = NO;
				DEBUG_INFORMATION_FORMAT = dwarf;
				ENABLE_STRICT_OBJC_MSGSEND = YES;
				ENABLE_TESTABILITY = YES;
				GCC_C_LANGUAGE_STANDARD = gnu11;
				GCC_DYNAMIC_NO_PIC = NO;
				GCC_NO_COMMON_BLOCKS = YES;
				GCC_OPTIMIZATION_LEVEL = 0;
				GCC_PREPROCESSOR_DEFINITIONS = (
					"DEBUG=1",
					"$(inherited)",
				);
				GCC_WARN_64_TO_32_BIT_CONVERSION = YES;
				GCC_WARN_ABOUT_RETURN_TYPE = YES_ERROR;
				GCC_WARN_UNDECLARED_SELECTOR = YES;
				GCC_WARN_UNINITIALIZED_AUTOS = YES_AGGRESSIVE;
				GCC_WARN_UNUSED_FUNCTION = YES;
				GCC_WARN_UNUSED_VARIABLE = YES;
				IPHONEOS_DEPLOYMENT_TARGET = 13.0;
				MTL_ENABLE_DEBUG_INFO = INCLUDE_SOURCE;
				MTL_FAST_MATH = YES;
				ONLY_ACTIVE_ARCH = YES;
				SDKROOT = iphoneos;
				SWIFT_ACTIVE_COMPILATION_CONDITIONS = DEBUG;
				SWIFT_OPTIMIZATION_LEVEL = "-Onone";
			};
			name = Debug;
		};
		70B765E22835955900605F28 /* Release */ = {
			isa = XCBuildConfiguration;
			buildSettings = {
				ALWAYS_SEARCH_USER_PATHS = NO;
				CLANG_ANALYZER_NONNULL = YES;
				CLANG_ANALYZER_NUMBER_OBJECT_CONVERSION = YES_AGGRESSIVE;
				CLANG_CXX_LANGUAGE_STANDARD = "gnu++17";
				CLANG_ENABLE_MODULES = YES;
				CLANG_ENABLE_OBJC_ARC = YES;
				CLANG_ENABLE_OBJC_WEAK = YES;
				CLANG_WARN_BLOCK_CAPTURE_AUTORELEASING = YES;
				CLANG_WARN_BOOL_CONVERSION = YES;
				CLANG_WARN_COMMA = YES;
				CLANG_WARN_CONSTANT_CONVERSION = YES;
				CLANG_WARN_DEPRECATED_OBJC_IMPLEMENTATIONS = YES;
				CLANG_WARN_DIRECT_OBJC_ISA_USAGE = YES_ERROR;
				CLANG_WARN_DOCUMENTATION_COMMENTS = YES;
				CLANG_WARN_EMPTY_BODY = YES;
				CLANG_WARN_ENUM_CONVERSION = YES;
				CLANG_WARN_INFINITE_RECURSION = YES;
				CLANG_WARN_INT_CONVERSION = YES;
				CLANG_WARN_NON_LITERAL_NULL_CONVERSION = YES;
				CLANG_WARN_OBJC_IMPLICIT_RETAIN_SELF = YES;
				CLANG_WARN_OBJC_LITERAL_CONVERSION = YES;
				CLANG_WARN_OBJC_ROOT_CLASS = YES_ERROR;
				CLANG_WARN_QUOTED_INCLUDE_IN_FRAMEWORK_HEADER = YES;
				CLANG_WARN_RANGE_LOOP_ANALYSIS = YES;
				CLANG_WARN_STRICT_PROTOTYPES = YES;
				CLANG_WARN_SUSPICIOUS_MOVE = YES;
				CLANG_WARN_UNGUARDED_AVAILABILITY = YES_AGGRESSIVE;
				CLANG_WARN_UNREACHABLE_CODE = YES;
				CLANG_WARN__DUPLICATE_METHOD_MATCH = YES;
				COPY_PHASE_STRIP = NO;
				DEBUG_INFORMATION_FORMAT = "dwarf-with-dsym";
				ENABLE_NS_ASSERTIONS = NO;
				ENABLE_STRICT_OBJC_MSGSEND = YES;
				GCC_C_LANGUAGE_STANDARD = gnu11;
				GCC_NO_COMMON_BLOCKS = YES;
				GCC_WARN_64_TO_32_BIT_CONVERSION = YES;
				GCC_WARN_ABOUT_RETURN_TYPE = YES_ERROR;
				GCC_WARN_UNDECLARED_SELECTOR = YES;
				GCC_WARN_UNINITIALIZED_AUTOS = YES_AGGRESSIVE;
				GCC_WARN_UNUSED_FUNCTION = YES;
				GCC_WARN_UNUSED_VARIABLE = YES;
				IPHONEOS_DEPLOYMENT_TARGET = 13.0;
				MTL_ENABLE_DEBUG_INFO = NO;
				MTL_FAST_MATH = YES;
				SDKROOT = iphoneos;
				SWIFT_COMPILATION_MODE = wholemodule;
				SWIFT_OPTIMIZATION_LEVEL = "-O";
				VALIDATE_PRODUCT = YES;
			};
			name = Release;
		};
		70B765E42835955900605F28 /* Debug */ = {
			isa = XCBuildConfiguration;
			baseConfigurationReference = BFB0F8A7AB77E24E09F4F1E2 /* Pods-Shopping.debug.xcconfig */;
			buildSettings = {
				ASSETCATALOG_COMPILER_APPICON_NAME = AppIcon;
				ASSETCATALOG_COMPILER_GLOBAL_ACCENT_COLOR_NAME = AccentColor;
				CODE_SIGN_STYLE = Automatic;
				CURRENT_PROJECT_VERSION = 1;
				GENERATE_INFOPLIST_FILE = YES;
				INFOPLIST_FILE = Shopping/Info.plist;
				INFOPLIST_KEY_UIApplicationSupportsIndirectInputEvents = YES;
				INFOPLIST_KEY_UILaunchStoryboardName = LaunchScreen;
				INFOPLIST_KEY_UIMainStoryboardFile = Main;
				INFOPLIST_KEY_UISupportedInterfaceOrientations_iPad = "UIInterfaceOrientationPortrait UIInterfaceOrientationPortraitUpsideDown UIInterfaceOrientationLandscapeLeft UIInterfaceOrientationLandscapeRight";
				INFOPLIST_KEY_UISupportedInterfaceOrientations_iPhone = "UIInterfaceOrientationPortrait UIInterfaceOrientationLandscapeLeft UIInterfaceOrientationLandscapeRight";
				LD_RUNPATH_SEARCH_PATHS = (
					"$(inherited)",
					"@executable_path/Frameworks",
				);
				MARKETING_VERSION = 1.0;
				PRODUCT_BUNDLE_IDENTIFIER = com.hooradramezani.Shopping;
				PRODUCT_NAME = "$(TARGET_NAME)";
				SWIFT_EMIT_LOC_STRINGS = YES;
				SWIFT_VERSION = 5.0;
				TARGETED_DEVICE_FAMILY = "1,2";
			};
			name = Debug;
		};
		70B765E52835955900605F28 /* Release */ = {
			isa = XCBuildConfiguration;
			baseConfigurationReference = F39FBA1199D9F9E574BE0979 /* Pods-Shopping.release.xcconfig */;
			buildSettings = {
				ASSETCATALOG_COMPILER_APPICON_NAME = AppIcon;
				ASSETCATALOG_COMPILER_GLOBAL_ACCENT_COLOR_NAME = AccentColor;
				CODE_SIGN_STYLE = Automatic;
				CURRENT_PROJECT_VERSION = 1;
				GENERATE_INFOPLIST_FILE = YES;
				INFOPLIST_FILE = Shopping/Info.plist;
				INFOPLIST_KEY_UIApplicationSupportsIndirectInputEvents = YES;
				INFOPLIST_KEY_UILaunchStoryboardName = LaunchScreen;
				INFOPLIST_KEY_UIMainStoryboardFile = Main;
				INFOPLIST_KEY_UISupportedInterfaceOrientations_iPad = "UIInterfaceOrientationPortrait UIInterfaceOrientationPortraitUpsideDown UIInterfaceOrientationLandscapeLeft UIInterfaceOrientationLandscapeRight";
				INFOPLIST_KEY_UISupportedInterfaceOrientations_iPhone = "UIInterfaceOrientationPortrait UIInterfaceOrientationLandscapeLeft UIInterfaceOrientationLandscapeRight";
				LD_RUNPATH_SEARCH_PATHS = (
					"$(inherited)",
					"@executable_path/Frameworks",
				);
				MARKETING_VERSION = 1.0;
				PRODUCT_BUNDLE_IDENTIFIER = com.hooradramezani.Shopping;
				PRODUCT_NAME = "$(TARGET_NAME)";
				SWIFT_EMIT_LOC_STRINGS = YES;
				SWIFT_VERSION = 5.0;
				TARGETED_DEVICE_FAMILY = "1,2";
			};
			name = Release;
		};
		70B765E72835955900605F28 /* Debug */ = {
			isa = XCBuildConfiguration;
			buildSettings = {
				ALWAYS_EMBED_SWIFT_STANDARD_LIBRARIES = YES;
				BUNDLE_LOADER = "$(TEST_HOST)";
				CODE_SIGN_STYLE = Automatic;
				CURRENT_PROJECT_VERSION = 1;
				GENERATE_INFOPLIST_FILE = YES;
				IPHONEOS_DEPLOYMENT_TARGET = 15.4;
				MARKETING_VERSION = 1.0;
				PRODUCT_BUNDLE_IDENTIFIER = com.hooradramezani.ShoppingTests;
				PRODUCT_NAME = "$(TARGET_NAME)";
				SWIFT_EMIT_LOC_STRINGS = NO;
				SWIFT_VERSION = 5.0;
				TARGETED_DEVICE_FAMILY = "1,2";
				TEST_HOST = "$(BUILT_PRODUCTS_DIR)/Shopping.app/Shopping";
			};
			name = Debug;
		};
		70B765E82835955900605F28 /* Release */ = {
			isa = XCBuildConfiguration;
			buildSettings = {
				ALWAYS_EMBED_SWIFT_STANDARD_LIBRARIES = YES;
				BUNDLE_LOADER = "$(TEST_HOST)";
				CODE_SIGN_STYLE = Automatic;
				CURRENT_PROJECT_VERSION = 1;
				GENERATE_INFOPLIST_FILE = YES;
				IPHONEOS_DEPLOYMENT_TARGET = 15.4;
				MARKETING_VERSION = 1.0;
				PRODUCT_BUNDLE_IDENTIFIER = com.hooradramezani.ShoppingTests;
				PRODUCT_NAME = "$(TARGET_NAME)";
				SWIFT_EMIT_LOC_STRINGS = NO;
				SWIFT_VERSION = 5.0;
				TARGETED_DEVICE_FAMILY = "1,2";
				TEST_HOST = "$(BUILT_PRODUCTS_DIR)/Shopping.app/Shopping";
			};
			name = Release;
		};
		70B765EA2835955900605F28 /* Debug */ = {
			isa = XCBuildConfiguration;
			buildSettings = {
				ALWAYS_EMBED_SWIFT_STANDARD_LIBRARIES = YES;
				CODE_SIGN_STYLE = Automatic;
				CURRENT_PROJECT_VERSION = 1;
				GENERATE_INFOPLIST_FILE = YES;
				MARKETING_VERSION = 1.0;
				PRODUCT_BUNDLE_IDENTIFIER = com.hooradramezani.ShoppingUITests;
				PRODUCT_NAME = "$(TARGET_NAME)";
				SWIFT_EMIT_LOC_STRINGS = NO;
				SWIFT_VERSION = 5.0;
				TARGETED_DEVICE_FAMILY = "1,2";
				TEST_TARGET_NAME = Shopping;
			};
			name = Debug;
		};
		70B765EB2835955900605F28 /* Release */ = {
			isa = XCBuildConfiguration;
			buildSettings = {
				ALWAYS_EMBED_SWIFT_STANDARD_LIBRARIES = YES;
				CODE_SIGN_STYLE = Automatic;
				CURRENT_PROJECT_VERSION = 1;
				GENERATE_INFOPLIST_FILE = YES;
				MARKETING_VERSION = 1.0;
				PRODUCT_BUNDLE_IDENTIFIER = com.hooradramezani.ShoppingUITests;
				PRODUCT_NAME = "$(TARGET_NAME)";
				SWIFT_EMIT_LOC_STRINGS = NO;
				SWIFT_VERSION = 5.0;
				TARGETED_DEVICE_FAMILY = "1,2";
				TEST_TARGET_NAME = Shopping;
			};
			name = Release;
		};
/* End XCBuildConfiguration section */

/* Begin XCConfigurationList section */
		70B765B12835955700605F28 /* Build configuration list for PBXProject "Shopping" */ = {
			isa = XCConfigurationList;
			buildConfigurations = (
				70B765E12835955900605F28 /* Debug */,
				70B765E22835955900605F28 /* Release */,
			);
			defaultConfigurationIsVisible = 0;
			defaultConfigurationName = Release;
		};
		70B765E32835955900605F28 /* Build configuration list for PBXNativeTarget "Shopping" */ = {
			isa = XCConfigurationList;
			buildConfigurations = (
				70B765E42835955900605F28 /* Debug */,
				70B765E52835955900605F28 /* Release */,
			);
			defaultConfigurationIsVisible = 0;
			defaultConfigurationName = Release;
		};
		70B765E62835955900605F28 /* Build configuration list for PBXNativeTarget "ShoppingTests" */ = {
			isa = XCConfigurationList;
			buildConfigurations = (
				70B765E72835955900605F28 /* Debug */,
				70B765E82835955900605F28 /* Release */,
			);
			defaultConfigurationIsVisible = 0;
			defaultConfigurationName = Release;
		};
		70B765E92835955900605F28 /* Build configuration list for PBXNativeTarget "ShoppingUITests" */ = {
			isa = XCConfigurationList;
			buildConfigurations = (
				70B765EA2835955900605F28 /* Debug */,
				70B765EB2835955900605F28 /* Release */,
			);
			defaultConfigurationIsVisible = 0;
			defaultConfigurationName = Release;
		};
/* End XCConfigurationList section */

/* Begin XCVersionGroup section */
		70B765C22835955700605F28 /* Shopping.xcdatamodeld */ = {
			isa = XCVersionGroup;
			children = (
				70B765C32835955700605F28 /* Shopping.xcdatamodel */,
			);
			currentVersion = 70B765C32835955700605F28 /* Shopping.xcdatamodel */;
			path = Shopping.xcdatamodeld;
			sourceTree = "<group>";
			versionGroupType = wrapper.xcdatamodel;
		};
/* End XCVersionGroup section */
	};
	rootObject = 70B765AE2835955700605F28 /* Project object */;
}
